
Microsoft Visual Studio Solution File, Format Version 12.00
# Visual Studio Version 17
VisualStudioVersion = 17.14.37111.16
MinimumVisualStudioVersion = 10.0.40219.1
Project("{FAE04EC0-301F-11D3-BF4B-00C04F79EFBC}") = "ChessValidator.Console", "ChessValidator\ChessValidator.Console.csproj", "{67CB98DE-59DC-4C07-886B-1E5F7AB3B8E7}"
EndProject
Project("{D954291E-2A0B-460D-934E-DC6B0785DB48}") = "ChessValidator.Shared", "ChessValidator.Shared\ChessValidator.Shared.shproj", "{29C306FE-6841-4066-B5BA-EB340051F325}"
EndProject
Global
	GlobalSection(SolutionConfigurationPlatforms) = preSolution
		Debug|Any CPU = Debug|Any CPU
		Release|Any CPU = Release|Any CPU
	EndGlobalSection
	GlobalSection(ProjectConfigurationPlatforms) = postSolution
		{67CB98DE-59DC-4C07-886B-1E5F7AB3B8E7}.Debug|Any CPU.ActiveCfg = Debug|Any CPU
		{67CB98DE-59DC-4C07-886B-1E5F7AB3B8E7}.Debug|Any CPU.Build.0 = Debug|Any CPU
		{67CB98DE-59DC-4C07-886B-1E5F7AB3B8E7}.Release|Any CPU.ActiveCfg = Release|Any CPU
		{67CB98DE-59DC-4C07-886B-1E5F7AB3B8E7}.Release|Any CPU.Build.0 = Release|Any CPU
	EndGlobalSection
	GlobalSection(SolutionProperties) = preSolution
		HideSolutionNode = FALSE
	EndGlobalSection
	GlobalSection(ExtensibilityGlobals) = postSolution
		SolutionGuid = {DF3ECB61-135F-4F6E-81AC-3C4A55F64430}
	EndGlobalSection
	GlobalSection(SharedMSBuildProjectFiles) = preSolution
		ChessValidator.Shared\ChessValidator.Shared.projitems*{29c306fe-6841-4066-b5ba-eb340051f325}*SharedItemsImports = 13
		ChessValidator.Shared\ChessValidator.Shared.projitems*{67cb98de-59dc-4c07-886b-1e5f7ab3b8e7}*SharedItemsImports = 5
	EndGlobalSection
EndGlobal
